
Microsoft Visual Studio Solution File, Format Version 12.00
# Visual Studio 2012
Project("{FAE04EC0-301F-11D3-BF4B-00C04F79EFBC}") = "StarterKit", "StarterKit\StarterKit.csproj", "{C18372F8-CC7D-4D62-91E1-703B5829C16E}"
EndProject
Project("{FAE04EC0-301F-11D3-BF4B-00C04F79EFBC}") = "StarterKit.iOS", "iOS\StarterKit.iOS.csproj", "{33D0BD9D-D7CA-4E20-AC03-320FD0BB5409}"
EndProject
Project("{FAE04EC0-301F-11D3-BF4B-00C04F79EFBC}") = "StarterKit.UITests", "UITests\StarterKit.UITests.csproj", "{4D2C324E-4771-4FF5-86E1-385387FF1BB3}"
EndProject
Global
	GlobalSection(SolutionConfigurationPlatforms) = preSolution
		Debug|Any CPU = Debug|Any CPU
		Release|Any CPU = Release|Any CPU
		Debug|iPhoneSimulator = Debug|iPhoneSimulator
		Release|iPhone = Release|iPhone
		Release|iPhoneSimulator = Release|iPhoneSimulator
		Debug|iPhone = Debug|iPhone
	EndGlobalSection
	GlobalSection(ProjectConfigurationPlatforms) = postSolution
		{33D0BD9D-D7CA-4E20-AC03-320FD0BB5409}.Debug|Any CPU.ActiveCfg = Debug|iPhoneSimulator
		{33D0BD9D-D7CA-4E20-AC03-320FD0BB5409}.Debug|Any CPU.Build.0 = Debug|iPhoneSimulator
		{33D0BD9D-D7CA-4E20-AC03-320FD0BB5409}.Debug|iPhone.ActiveCfg = Debug|iPhone
		{33D0BD9D-D7CA-4E20-AC03-320FD0BB5409}.Debug|iPhone.Build.0 = Debug|iPhone
		{33D0BD9D-D7CA-4E20-AC03-320FD0BB5409}.Debug|iPhoneSimulator.ActiveCfg = Debug|iPhoneSimulator
		{33D0BD9D-D7CA-4E20-AC03-320FD0BB5409}.Debug|iPhoneSimulator.Build.0 = Debug|iPhoneSimulator
		{33D0BD9D-D7CA-4E20-AC03-320FD0BB5409}.Release|Any CPU.ActiveCfg = Release|iPhone
		{33D0BD9D-D7CA-4E20-AC03-320FD0BB5409}.Release|Any CPU.Build.0 = Release|iPhone
		{33D0BD9D-D7CA-4E20-AC03-320FD0BB5409}.Release|iPhone.ActiveCfg = Release|iPhone
		{33D0BD9D-D7CA-4E20-AC03-320FD0BB5409}.Release|iPhone.Build.0 = Release|iPhone
		{33D0BD9D-D7CA-4E20-AC03-320FD0BB5409}.Release|iPhoneSimulator.ActiveCfg = Release|iPhoneSimulator
		{33D0BD9D-D7CA-4E20-AC03-320FD0BB5409}.Release|iPhoneSimulator.Build.0 = Release|iPhoneSimulator
		{4D2C324E-4771-4FF5-86E1-385387FF1BB3}.Debug|Any CPU.ActiveCfg = Debug|Any CPU
		{4D2C324E-4771-4FF5-86E1-385387FF1BB3}.Debug|Any CPU.Build.0 = Debug|Any CPU
		{4D2C324E-4771-4FF5-86E1-385387FF1BB3}.Debug|iPhone.ActiveCfg = Debug|Any CPU
		{4D2C324E-4771-4FF5-86E1-385387FF1BB3}.Debug|iPhone.Build.0 = Debug|Any CPU
		{4D2C324E-4771-4FF5-86E1-385387FF1BB3}.Debug|iPhoneSimulator.ActiveCfg = Debug|Any CPU
		{4D2C324E-4771-4FF5-86E1-385387FF1BB3}.Debug|iPhoneSimulator.Build.0 = Debug|Any CPU
		{4D2C324E-4771-4FF5-86E1-385387FF1BB3}.Release|Any CPU.ActiveCfg = Release|Any CPU
		{4D2C324E-4771-4FF5-86E1-385387FF1BB3}.Release|Any CPU.Build.0 = Release|Any CPU
		{4D2C324E-4771-4FF5-86E1-385387FF1BB3}.Release|iPhone.ActiveCfg = Release|Any CPU
		{4D2C324E-4771-4FF5-86E1-385387FF1BB3}.Release|iPhone.Build.0 = Release|Any CPU
		{4D2C324E-4771-4FF5-86E1-385387FF1BB3}.Release|iPhoneSimulator.ActiveCfg = Release|Any CPU
		{4D2C324E-4771-4FF5-86E1-385387FF1BB3}.Release|iPhoneSimulator.Build.0 = Release|Any CPU
		{C18372F8-CC7D-4D62-91E1-703B5829C16E}.Debug|Any CPU.ActiveCfg = Debug|Any CPU
		{C18372F8-CC7D-4D62-91E1-703B5829C16E}.Debug|Any CPU.Build.0 = Debug|Any CPU
		{C18372F8-CC7D-4D62-91E1-703B5829C16E}.Debug|iPhone.ActiveCfg = Debug|Any CPU
		{C18372F8-CC7D-4D62-91E1-703B5829C16E}.Debug|iPhone.Build.0 = Debug|Any CPU
		{C18372F8-CC7D-4D62-91E1-703B5829C16E}.Debug|iPhoneSimulator.ActiveCfg = Debug|Any CPU
		{C18372F8-CC7D-4D62-91E1-703B5829C16E}.Debug|iPhoneSimulator.Build.0 = Debug|Any CPU
		{C18372F8-CC7D-4D62-91E1-703B5829C16E}.Release|Any CPU.ActiveCfg = Release|Any CPU
		{C18372F8-CC7D-4D62-91E1-703B5829C16E}.Release|Any CPU.Build.0 = Release|Any CPU
		{C18372F8-CC7D-4D62-91E1-703B5829C16E}.Release|iPhone.ActiveCfg = Release|Any CPU
		{C18372F8-CC7D-4D62-91E1-703B5829C16E}.Release|iPhone.Build.0 = Release|Any CPU
		{C18372F8-CC7D-4D62-91E1-703B5829C16E}.Release|iPhoneSimulator.ActiveCfg = Release|Any CPU
		{C18372F8-CC7D-4D62-91E1-703B5829C16E}.Release|iPhoneSimulator.Build.0 = Release|Any CPU
	EndGlobalSection
EndGlobal
